
Microsoft Visual Studio Solution File, Format Version 12.00
# Visual Studio Version 17
VisualStudioVersion = 17.9.34728.123
MinimumVisualStudioVersion = 10.0.40219.1
Project("{FAE04EC0-301F-11D3-BF4B-00C04F79EFBC}") = "programa2.3", "programa2.3.csproj", "{840C7295-A09A-4DD7-9F06-0F6F2302C549}"
EndProject
Global
	GlobalSection(SolutionConfigurationPlatforms) = preSolution
		Debug|Any CPU = Debug|Any CPU
		Release|Any CPU = Release|Any CPU
	EndGlobalSection
	GlobalSection(ProjectConfigurationPlatforms) = postSolution
		{840C7295-A09A-4DD7-9F06-0F6F2302C549}.Debug|Any CPU.ActiveCfg = Debug|Any CPU
		{840C7295-A09A-4DD7-9F06-0F6F2302C549}.Debug|Any CPU.Build.0 = Debug|Any CPU
		{840C7295-A09A-4DD7-9F06-0F6F2302C549}.Release|Any CPU.ActiveCfg = Release|Any CPU
		{840C7295-A09A-4DD7-9F06-0F6F2302C549}.Release|Any CPU.Build.0 = Release|Any CPU
	EndGlobalSection
	GlobalSection(SolutionProperties) = preSolution
		HideSolutionNode = FALSE
	EndGlobalSection
	GlobalSection(ExtensibilityGlobals) = postSolution
		SolutionGuid = {9F2AE8B4-A55F-4F95-950D-D1FA6AFAABD4}
	EndGlobalSection
EndGlobal
